
Microsoft Visual Studio Solution File, Format Version 12.00
# Visual Studio Version 17
VisualStudioVersion = 17.4.33213.308
MinimumVisualStudioVersion = 10.0.40219.1
Project("{FAE04EC0-301F-11D3-BF4B-00C04F79EFBC}") = "IdentificationApp", "IdentificationApp\IdentificationApp.csproj", "{19CB2DA7-27AE-4D56-84EB-356B9C5AD687}"
EndProject
Global
	GlobalSection(SolutionConfigurationPlatforms) = preSolution
		Debug|Any CPU = Debug|Any CPU
		Release|Any CPU = Release|Any CPU
	EndGlobalSection
	GlobalSection(ProjectConfigurationPlatforms) = postSolution
		{19CB2DA7-27AE-4D56-84EB-356B9C5AD687}.Debug|Any CPU.ActiveCfg = Debug|Any CPU
		{19CB2DA7-27AE-4D56-84EB-356B9C5AD687}.Debug|Any CPU.Build.0 = Debug|Any CPU
		{19CB2DA7-27AE-4D56-84EB-356B9C5AD687}.Release|Any CPU.ActiveCfg = Release|Any CPU
		{19CB2DA7-27AE-4D56-84EB-356B9C5AD687}.Release|Any CPU.Build.0 = Release|Any CPU
	EndGlobalSection
	GlobalSection(SolutionProperties) = preSolution
		HideSolutionNode = FALSE
	EndGlobalSection
	GlobalSection(ExtensibilityGlobals) = postSolution
		SolutionGuid = {D266EFE4-4EC1-494E-98A2-A335949D92B8}
	EndGlobalSection
EndGlobal
